
Microsoft Visual Studio Solution File, Format Version 12.00
# Visual Studio 2013
VisualStudioVersion = 12.0.40629.0
MinimumVisualStudioVersion = 10.0.40219.1
Project("{FAE04EC0-301F-11D3-BF4B-00C04F79EFBC}") = "GitHubExtension.Security.DAL", "GitHubExtension.Security.DAL\GitHubExtension.Security.DAL.csproj", "{7C74E58B-B1D7-4C8F-B0AD-9528E07FC3DB}"
EndProject
Project("{FAE04EC0-301F-11D3-BF4B-00C04F79EFBC}") = "GitHubExtension.Security.Tests", "GitHubExtension.Security.Tests\GitHubExtension.Security.Tests.csproj", "{D6E551A3-1106-48EE-9F3E-948D9B3F115A}"
EndProject
Project("{2150E333-8FDC-42A3-9474-1A3956D46DE8}") = "Tests", "Tests", "{81F8C705-AC42-4E92-8877-606314287DC0}"
EndProject
Project("{2150E333-8FDC-42A3-9474-1A3956D46DE8}") = "Security", "Security", "{968C44B1-15FB-4A8A-98F1-EA188F904B3E}"
EndProject
Project("{2150E333-8FDC-42A3-9474-1A3956D46DE8}") = "Infrastructure", "Infrastructure", "{209E6B92-CFA7-42C1-A7D6-2BD7CB0CDD12}"
EndProject
Project("{FAE04EC0-301F-11D3-BF4B-00C04F79EFBC}") = "GitHubExtension.EntryPoint", "GitHubExtension.EntryPoint\GitHubExtension.EntryPoint.csproj", "{B5F77285-E213-4564-BD65-CAA3242F9F5B}"
EndProject
Project("{2150E333-8FDC-42A3-9474-1A3956D46DE8}") = "Activity", "Activity", "{D43B2E03-D11F-4EBD-9B69-9B84ACCD0B70}"
EndProject
Project("{FAE04EC0-301F-11D3-BF4B-00C04F79EFBC}") = "GitHubExtension.Activity.External.WebAPI", "GitHubExtension.Activity.External.WebAPI\GitHubExtension.Activity.External.WebAPI.csproj", "{ECD25131-E98D-437C-BA1A-F8EBC60FA266}"
EndProject
Project("{2150E333-8FDC-42A3-9474-1A3956D46DE8}") = "External", "External", "{7B06804A-45B3-4923-8D1A-3E8B48B28BD4}"
EndProject
Project("{FAE04EC0-301F-11D3-BF4B-00C04F79EFBC}") = "GitHubExtension.Security.WebApi", "GitHubExtension.Security.WebApi\GitHubExtension.Security.WebApi.csproj", "{7E05EAF8-B822-493D-81E7-50A054BD5CE4}"
EndProject
Project("{FAE04EC0-301F-11D3-BF4B-00C04F79EFBC}") = "GitHubExtension.Infrastructure.Extensions", "GitHubExtension.Infrastructure.Extensions\GitHubExtension.Infrastructure.Extensions.csproj", "{D6C328E6-DB94-4FFF-A775-BD7C2F42C56F}"
EndProject
Project("{FAE04EC0-301F-11D3-BF4B-00C04F79EFBC}") = "GitHubExtension.Notes.WebApi", "GitHubExtension.Notes.WebApi\GitHubExtension.Notes.WebApi.csproj", "{819015C6-B19C-4240-9049-CAFA965CEF0D}"
EndProject
Project("{FAE04EC0-301F-11D3-BF4B-00C04F79EFBC}") = "GitHubExtension.Notes.DAL", "GitHubExtension.Notes.DAL\GitHubExtension.Notes.DAL.csproj", "{72035E1A-FCFD-48F1-81DD-7DBC724DD8E9}"
EndProject
Project("{00D1A9C2-B5F0-4AF3-8072-F6C62B433612}") = "GitHubExtension.DB", "GitHubExtension.DB\GitHubExtension.DB.sqlproj", "{879E0685-B0AB-4711-AAF2-E933AA8335AF}"
EndProject
Project("{2150E333-8FDC-42A3-9474-1A3956D46DE8}") = "Notes", "Notes", "{C87FB66D-8D32-44E3-A762-AA1780CDF939}"
EndProject
Project("{2150E333-8FDC-42A3-9474-1A3956D46DE8}") = "GitHubTemplates", "GitHubTemplates", "{950E7777-D5FE-46AF-8EA7-CD3E0A713FDF}"
EndProject
Project("{FAE04EC0-301F-11D3-BF4B-00C04F79EFBC}") = "GitHubExtension.Templates", "GitHubExtension.Templates\GitHubExtension.Templates.csproj", "{D2ADB828-D1E5-40ED-AA12-1643FB5CD11E}"
EndProject
Project("{2150E333-8FDC-42A3-9474-1A3956D46DE8}") = "Internal", "Internal", "{679070DC-AD4C-4D15-818C-BB9373C306EA}"
EndProject
Project("{FAE04EC0-301F-11D3-BF4B-00C04F79EFBC}") = "GitHubExtension.Activity.DAL", "GitHubExtension.Activity.DAL\GitHubExtension.Activity.DAL.csproj", "{E8B59A6B-7115-479D-AF6E-B9047499EBE9}"
EndProject
Project("{FAE04EC0-301F-11D3-BF4B-00C04F79EFBC}") = "GitHubExtension.Activity.Internal.WebApi", "GitHubExtension.Activity.Internal.WebApi\GitHubExtension.Activity.Internal.WebApi.csproj", "{73A2445E-6FC0-4B75-A26B-1F27070AFDBA}"
EndProject
Project("{FAE04EC0-301F-11D3-BF4B-00C04F79EFBC}") = "GitHubExtension.Infrastructure.Constants", "GitHubExtension.Infrastructure.Constants\GitHubExtension.Infrastructure.Constants.csproj", "{642455C5-0A4B-4E25-A2C3-1F1304A0D7DD}"
EndProject
Project("{2150E333-8FDC-42A3-9474-1A3956D46DE8}") = "Statistics", "Statistics", "{EB58C9DD-5C62-4F43-9C22-833830D82B9F}"
EndProject
Project("{FAE04EC0-301F-11D3-BF4B-00C04F79EFBC}") = "GitHubExtension.Statistics.WebApi", "GitHubExtension.Statistics.WebApi\GitHubExtension.Statistics.WebApi.csproj", "{AC64CE56-A38A-4866-82F5-A3BE35EF2EA8}"
EndProject
Project("{FAE04EC0-301F-11D3-BF4B-00C04F79EFBC}") = "GitHubExtension.Notes.Tests", "GitHubExtension.Notes.Tests\GitHubExtension.Notes.Tests.csproj", "{FEF89135-5ECD-4D37-B19D-F6D3685411CA}"
EndProject
Project("{FAE04EC0-301F-11D3-BF4B-00C04F79EFBC}") = "GitHubExtension.Activity.Internal.Tests", "GitHubExtension.Activity.Internal.Tests\GitHubExtension.Activity.Internal.Tests.csproj", "{07C98A3E-352E-4DB6-B9E1-FE67080EA388}"
EndProject
Project("{FAE04EC0-301F-11D3-BF4B-00C04F79EFBC}") = "GitHubExtension.Templates.DAL", "GitHubExtension.Templates.DAL\GitHubExtension.Templates.DAL.csproj", "{9301AB33-C18E-4C2E-9F07-E8F99A9FD72E}"
EndProject
Global
	GlobalSection(SolutionConfigurationPlatforms) = preSolution
		Debug|Any CPU = Debug|Any CPU
		Release|Any CPU = Release|Any CPU
	EndGlobalSection
	GlobalSection(ProjectConfigurationPlatforms) = postSolution
		{7C74E58B-B1D7-4C8F-B0AD-9528E07FC3DB}.Debug|Any CPU.ActiveCfg = Debug|Any CPU
		{7C74E58B-B1D7-4C8F-B0AD-9528E07FC3DB}.Debug|Any CPU.Build.0 = Debug|Any CPU
		{7C74E58B-B1D7-4C8F-B0AD-9528E07FC3DB}.Release|Any CPU.ActiveCfg = Release|Any CPU
		{7C74E58B-B1D7-4C8F-B0AD-9528E07FC3DB}.Release|Any CPU.Build.0 = Release|Any CPU
		{D6E551A3-1106-48EE-9F3E-948D9B3F115A}.Debug|Any CPU.ActiveCfg = Debug|Any CPU
		{D6E551A3-1106-48EE-9F3E-948D9B3F115A}.Debug|Any CPU.Build.0 = Debug|Any CPU
		{D6E551A3-1106-48EE-9F3E-948D9B3F115A}.Release|Any CPU.ActiveCfg = Release|Any CPU
		{D6E551A3-1106-48EE-9F3E-948D9B3F115A}.Release|Any CPU.Build.0 = Release|Any CPU
		{B5F77285-E213-4564-BD65-CAA3242F9F5B}.Debug|Any CPU.ActiveCfg = Debug|Any CPU
		{B5F77285-E213-4564-BD65-CAA3242F9F5B}.Debug|Any CPU.Build.0 = Debug|Any CPU
		{B5F77285-E213-4564-BD65-CAA3242F9F5B}.Release|Any CPU.ActiveCfg = Release|Any CPU
		{B5F77285-E213-4564-BD65-CAA3242F9F5B}.Release|Any CPU.Build.0 = Release|Any CPU
		{ECD25131-E98D-437C-BA1A-F8EBC60FA266}.Debug|Any CPU.ActiveCfg = Debug|Any CPU
		{ECD25131-E98D-437C-BA1A-F8EBC60FA266}.Debug|Any CPU.Build.0 = Debug|Any CPU
		{ECD25131-E98D-437C-BA1A-F8EBC60FA266}.Release|Any CPU.ActiveCfg = Release|Any CPU
		{ECD25131-E98D-437C-BA1A-F8EBC60FA266}.Release|Any CPU.Build.0 = Release|Any CPU
		{7E05EAF8-B822-493D-81E7-50A054BD5CE4}.Debug|Any CPU.ActiveCfg = Debug|Any CPU
		{7E05EAF8-B822-493D-81E7-50A054BD5CE4}.Debug|Any CPU.Build.0 = Debug|Any CPU
		{7E05EAF8-B822-493D-81E7-50A054BD5CE4}.Release|Any CPU.ActiveCfg = Release|Any CPU
		{7E05EAF8-B822-493D-81E7-50A054BD5CE4}.Release|Any CPU.Build.0 = Release|Any CPU
		{D6C328E6-DB94-4FFF-A775-BD7C2F42C56F}.Debug|Any CPU.ActiveCfg = Debug|Any CPU
		{D6C328E6-DB94-4FFF-A775-BD7C2F42C56F}.Debug|Any CPU.Build.0 = Debug|Any CPU
		{D6C328E6-DB94-4FFF-A775-BD7C2F42C56F}.Release|Any CPU.ActiveCfg = Release|Any CPU
		{D6C328E6-DB94-4FFF-A775-BD7C2F42C56F}.Release|Any CPU.Build.0 = Release|Any CPU
		{819015C6-B19C-4240-9049-CAFA965CEF0D}.Debug|Any CPU.ActiveCfg = Debug|Any CPU
		{819015C6-B19C-4240-9049-CAFA965CEF0D}.Debug|Any CPU.Build.0 = Debug|Any CPU
		{819015C6-B19C-4240-9049-CAFA965CEF0D}.Release|Any CPU.ActiveCfg = Release|Any CPU
		{819015C6-B19C-4240-9049-CAFA965CEF0D}.Release|Any CPU.Build.0 = Release|Any CPU
		{72035E1A-FCFD-48F1-81DD-7DBC724DD8E9}.Debug|Any CPU.ActiveCfg = Debug|Any CPU
		{72035E1A-FCFD-48F1-81DD-7DBC724DD8E9}.Debug|Any CPU.Build.0 = Debug|Any CPU
		{72035E1A-FCFD-48F1-81DD-7DBC724DD8E9}.Release|Any CPU.ActiveCfg = Release|Any CPU
		{72035E1A-FCFD-48F1-81DD-7DBC724DD8E9}.Release|Any CPU.Build.0 = Release|Any CPU
		{879E0685-B0AB-4711-AAF2-E933AA8335AF}.Debug|Any CPU.ActiveCfg = Debug|Any CPU
		{879E0685-B0AB-4711-AAF2-E933AA8335AF}.Debug|Any CPU.Build.0 = Debug|Any CPU
		{879E0685-B0AB-4711-AAF2-E933AA8335AF}.Debug|Any CPU.Deploy.0 = Debug|Any CPU
		{879E0685-B0AB-4711-AAF2-E933AA8335AF}.Release|Any CPU.ActiveCfg = Release|Any CPU
		{879E0685-B0AB-4711-AAF2-E933AA8335AF}.Release|Any CPU.Build.0 = Release|Any CPU
		{879E0685-B0AB-4711-AAF2-E933AA8335AF}.Release|Any CPU.Deploy.0 = Release|Any CPU
		{D2ADB828-D1E5-40ED-AA12-1643FB5CD11E}.Debug|Any CPU.ActiveCfg = Debug|Any CPU
		{D2ADB828-D1E5-40ED-AA12-1643FB5CD11E}.Debug|Any CPU.Build.0 = Debug|Any CPU
		{D2ADB828-D1E5-40ED-AA12-1643FB5CD11E}.Release|Any CPU.ActiveCfg = Release|Any CPU
		{D2ADB828-D1E5-40ED-AA12-1643FB5CD11E}.Release|Any CPU.Build.0 = Release|Any CPU
		{E8B59A6B-7115-479D-AF6E-B9047499EBE9}.Debug|Any CPU.ActiveCfg = Debug|Any CPU
		{E8B59A6B-7115-479D-AF6E-B9047499EBE9}.Debug|Any CPU.Build.0 = Debug|Any CPU
		{E8B59A6B-7115-479D-AF6E-B9047499EBE9}.Release|Any CPU.ActiveCfg = Release|Any CPU
		{E8B59A6B-7115-479D-AF6E-B9047499EBE9}.Release|Any CPU.Build.0 = Release|Any CPU
		{73A2445E-6FC0-4B75-A26B-1F27070AFDBA}.Debug|Any CPU.ActiveCfg = Debug|Any CPU
		{73A2445E-6FC0-4B75-A26B-1F27070AFDBA}.Debug|Any CPU.Build.0 = Debug|Any CPU
		{73A2445E-6FC0-4B75-A26B-1F27070AFDBA}.Release|Any CPU.ActiveCfg = Release|Any CPU
		{73A2445E-6FC0-4B75-A26B-1F27070AFDBA}.Release|Any CPU.Build.0 = Release|Any CPU
		{642455C5-0A4B-4E25-A2C3-1F1304A0D7DD}.Debug|Any CPU.ActiveCfg = Debug|Any CPU
		{642455C5-0A4B-4E25-A2C3-1F1304A0D7DD}.Debug|Any CPU.Build.0 = Debug|Any CPU
		{642455C5-0A4B-4E25-A2C3-1F1304A0D7DD}.Release|Any CPU.ActiveCfg = Release|Any CPU
		{642455C5-0A4B-4E25-A2C3-1F1304A0D7DD}.Release|Any CPU.Build.0 = Release|Any CPU
		{AC64CE56-A38A-4866-82F5-A3BE35EF2EA8}.Debug|Any CPU.ActiveCfg = Debug|Any CPU
		{AC64CE56-A38A-4866-82F5-A3BE35EF2EA8}.Debug|Any CPU.Build.0 = Debug|Any CPU
		{AC64CE56-A38A-4866-82F5-A3BE35EF2EA8}.Release|Any CPU.ActiveCfg = Release|Any CPU
		{AC64CE56-A38A-4866-82F5-A3BE35EF2EA8}.Release|Any CPU.Build.0 = Release|Any CPU
		{FEF89135-5ECD-4D37-B19D-F6D3685411CA}.Debug|Any CPU.ActiveCfg = Debug|Any CPU
		{FEF89135-5ECD-4D37-B19D-F6D3685411CA}.Debug|Any CPU.Build.0 = Debug|Any CPU
		{FEF89135-5ECD-4D37-B19D-F6D3685411CA}.Release|Any CPU.ActiveCfg = Release|Any CPU
		{FEF89135-5ECD-4D37-B19D-F6D3685411CA}.Release|Any CPU.Build.0 = Release|Any CPU
		{07C98A3E-352E-4DB6-B9E1-FE67080EA388}.Debug|Any CPU.ActiveCfg = Debug|Any CPU
		{07C98A3E-352E-4DB6-B9E1-FE67080EA388}.Debug|Any CPU.Build.0 = Debug|Any CPU
		{07C98A3E-352E-4DB6-B9E1-FE67080EA388}.Release|Any CPU.ActiveCfg = Release|Any CPU
		{07C98A3E-352E-4DB6-B9E1-FE67080EA388}.Release|Any CPU.Build.0 = Release|Any CPU
		{D2ADB828-D1E5-40ED-AA12-1643FB5CD11E}.Debug|Any CPU.ActiveCfg = Debug|Any CPU
		{D2ADB828-D1E5-40ED-AA12-1643FB5CD11E}.Debug|Any CPU.Build.0 = Debug|Any CPU
		{D2ADB828-D1E5-40ED-AA12-1643FB5CD11E}.Release|Any CPU.ActiveCfg = Release|Any CPU
		{D2ADB828-D1E5-40ED-AA12-1643FB5CD11E}.Release|Any CPU.Build.0 = Release|Any CPU
		{9301AB33-C18E-4C2E-9F07-E8F99A9FD72E}.Debug|Any CPU.ActiveCfg = Debug|Any CPU
		{9301AB33-C18E-4C2E-9F07-E8F99A9FD72E}.Debug|Any CPU.Build.0 = Debug|Any CPU
		{9301AB33-C18E-4C2E-9F07-E8F99A9FD72E}.Release|Any CPU.ActiveCfg = Release|Any CPU
		{9301AB33-C18E-4C2E-9F07-E8F99A9FD72E}.Release|Any CPU.Build.0 = Release|Any CPU
	EndGlobalSection
	GlobalSection(SolutionProperties) = preSolution
		HideSolutionNode = FALSE
	EndGlobalSection
	GlobalSection(NestedProjects) = preSolution
		{7C74E58B-B1D7-4C8F-B0AD-9528E07FC3DB} = {968C44B1-15FB-4A8A-98F1-EA188F904B3E}
		{D6E551A3-1106-48EE-9F3E-948D9B3F115A} = {81F8C705-AC42-4E92-8877-606314287DC0}
		{ECD25131-E98D-437C-BA1A-F8EBC60FA266} = {7B06804A-45B3-4923-8D1A-3E8B48B28BD4}
		{7B06804A-45B3-4923-8D1A-3E8B48B28BD4} = {D43B2E03-D11F-4EBD-9B69-9B84ACCD0B70}
		{7E05EAF8-B822-493D-81E7-50A054BD5CE4} = {968C44B1-15FB-4A8A-98F1-EA188F904B3E}
		{D6C328E6-DB94-4FFF-A775-BD7C2F42C56F} = {209E6B92-CFA7-42C1-A7D6-2BD7CB0CDD12}
		{819015C6-B19C-4240-9049-CAFA965CEF0D} = {C87FB66D-8D32-44E3-A762-AA1780CDF939}
		{72035E1A-FCFD-48F1-81DD-7DBC724DD8E9} = {C87FB66D-8D32-44E3-A762-AA1780CDF939}
		{D2ADB828-D1E5-40ED-AA12-1643FB5CD11E} = {950E7777-D5FE-46AF-8EA7-CD3E0A713FDF}
		{679070DC-AD4C-4D15-818C-BB9373C306EA} = {D43B2E03-D11F-4EBD-9B69-9B84ACCD0B70}
		{E8B59A6B-7115-479D-AF6E-B9047499EBE9} = {679070DC-AD4C-4D15-818C-BB9373C306EA}
		{73A2445E-6FC0-4B75-A26B-1F27070AFDBA} = {679070DC-AD4C-4D15-818C-BB9373C306EA}
		{642455C5-0A4B-4E25-A2C3-1F1304A0D7DD} = {209E6B92-CFA7-42C1-A7D6-2BD7CB0CDD12}
		{AC64CE56-A38A-4866-82F5-A3BE35EF2EA8} = {EB58C9DD-5C62-4F43-9C22-833830D82B9F}
		{FEF89135-5ECD-4D37-B19D-F6D3685411CA} = {81F8C705-AC42-4E92-8877-606314287DC0}
		{07C98A3E-352E-4DB6-B9E1-FE67080EA388} = {81F8C705-AC42-4E92-8877-606314287DC0}
		{D2ADB828-D1E5-40ED-AA12-1643FB5CD11E} = {950E7777-D5FE-46AF-8EA7-CD3E0A713FDF}
		{9301AB33-C18E-4C2E-9F07-E8F99A9FD72E} = {950E7777-D5FE-46AF-8EA7-CD3E0A713FDF}
	EndGlobalSection
EndGlobal
