
Microsoft Visual Studio Solution File, Format Version 12.00
# Visual Studio 2013
VisualStudioVersion = 12.0.40629.0
MinimumVisualStudioVersion = 10.0.40219.1
Project("{FAE04EC0-301F-11D3-BF4B-00C04F79EFBC}") = "GitHubExtension.Security.DAL", "GitHubExtension.Security.DAL\GitHubExtension.Security.DAL.csproj", "{7C74E58B-B1D7-4C8F-B0AD-9528E07FC3DB}"
EndProject
Project("{FAE04EC0-301F-11D3-BF4B-00C04F79EFBC}") = "GitHubExtension.Security.WebApi", "GitHubExtension.Security.WebApi\GitHubExtension.Security.WebApi.csproj", "{B5F77285-E213-4564-BD65-CAA3242F9F5B}"
EndProject
Project("{FAE04EC0-301F-11D3-BF4B-00C04F79EFBC}") = "GitHubExtension.Security.Tests", "GitHubExtension.Security.Tests\GitHubExtension.Security.Tests.csproj", "{D6E551A3-1106-48EE-9F3E-948D9B3F115A}"
EndProject
Project("{FAE04EC0-301F-11D3-BF4B-00C04F79EFBC}") = "GitHubExtension.Security.StorageModels", "GitHubExtension.Models.StorageModels\GitHubExtension.Security.StorageModels.csproj", "{38B14075-AF0F-4588-912F-D000C37346CD}"
EndProject
Project("{FAE04EC0-301F-11D3-BF4B-00C04F79EFBC}") = "GitHubExtension.Models.CommunicationModels", "GitHubExtension.Models.CommunicationModels\GitHubExtension.Models.CommunicationModels.csproj", "{58240CBE-3BD5-41BA-8B46-8464748580F8}"
EndProject
Project("{FAE04EC0-301F-11D3-BF4B-00C04F79EFBC}") = "GitHubExtension.Security.WebApi.Library", "GitHubExtension.Security.WebApi.Library\GitHubExtension.Security.WebApi.Library.csproj", "{7E05EAF8-B822-493D-81E7-50A054BD5CE4}"
EndProject
Project("{2150E333-8FDC-42A3-9474-1A3956D46DE8}") = "Activity", "Activity", "{D43B2E03-D11F-4EBD-9B69-9B84ACCD0B70}"
EndProject
Project("{FAE04EC0-301F-11D3-BF4B-00C04F79EFBC}") = "GitHubExtension.Activity.WebApi", "GitHubExtension.Activity.WebApi\GitHubExtension.Activity.WebApi.csproj", "{62E49F8A-619E-4726-A806-F9D175379DF3}"
EndProject
Project("{2150E333-8FDC-42A3-9474-1A3956D46DE8}") = "Security", "Security", "{DB127D76-E873-4C06-9DFE-47574251B000}"
EndProject
Project("{2150E333-8FDC-42A3-9474-1A3956D46DE8}") = "Tests", "Tests", "{9CBB7688-0616-4CFA-B4FE-593240B4485C}"
EndProject
Project("{00D1A9C2-B5F0-4AF3-8072-F6C62B433612}") = "GitHubExtension.Activity.DB", "GitHubExtension.Activity.DB\GitHubExtension.Activity.DB.sqlproj", "{9338A456-E885-44DE-8412-6038E5FB0826}"
EndProject
Project("{FAE04EC0-301F-11D3-BF4B-00C04F79EFBC}") = "GitHubExtension.Activity.DAL", "GitHubExtension.Activity.DAL\GitHubExtension.Activity.DAL.csproj", "{0AA7D39B-3A15-49FC-9243-D26392403A78}"
EndProject
Global
	GlobalSection(SolutionConfigurationPlatforms) = preSolution
		Debug|Any CPU = Debug|Any CPU
		Release|Any CPU = Release|Any CPU
	EndGlobalSection
	GlobalSection(ProjectConfigurationPlatforms) = postSolution
		{7C74E58B-B1D7-4C8F-B0AD-9528E07FC3DB}.Debug|Any CPU.ActiveCfg = Debug|Any CPU
		{7C74E58B-B1D7-4C8F-B0AD-9528E07FC3DB}.Debug|Any CPU.Build.0 = Debug|Any CPU
		{7C74E58B-B1D7-4C8F-B0AD-9528E07FC3DB}.Release|Any CPU.ActiveCfg = Release|Any CPU
		{7C74E58B-B1D7-4C8F-B0AD-9528E07FC3DB}.Release|Any CPU.Build.0 = Release|Any CPU
		{B5F77285-E213-4564-BD65-CAA3242F9F5B}.Debug|Any CPU.ActiveCfg = Debug|Any CPU
		{B5F77285-E213-4564-BD65-CAA3242F9F5B}.Debug|Any CPU.Build.0 = Debug|Any CPU
		{B5F77285-E213-4564-BD65-CAA3242F9F5B}.Release|Any CPU.ActiveCfg = Release|Any CPU
		{B5F77285-E213-4564-BD65-CAA3242F9F5B}.Release|Any CPU.Build.0 = Release|Any CPU
		{D6E551A3-1106-48EE-9F3E-948D9B3F115A}.Debug|Any CPU.ActiveCfg = Debug|Any CPU
		{D6E551A3-1106-48EE-9F3E-948D9B3F115A}.Debug|Any CPU.Build.0 = Debug|Any CPU
		{D6E551A3-1106-48EE-9F3E-948D9B3F115A}.Release|Any CPU.ActiveCfg = Release|Any CPU
		{D6E551A3-1106-48EE-9F3E-948D9B3F115A}.Release|Any CPU.Build.0 = Release|Any CPU
		{38B14075-AF0F-4588-912F-D000C37346CD}.Debug|Any CPU.ActiveCfg = Debug|Any CPU
		{38B14075-AF0F-4588-912F-D000C37346CD}.Debug|Any CPU.Build.0 = Debug|Any CPU
		{38B14075-AF0F-4588-912F-D000C37346CD}.Release|Any CPU.ActiveCfg = Release|Any CPU
		{38B14075-AF0F-4588-912F-D000C37346CD}.Release|Any CPU.Build.0 = Release|Any CPU
		{58240CBE-3BD5-41BA-8B46-8464748580F8}.Debug|Any CPU.ActiveCfg = Debug|Any CPU
		{58240CBE-3BD5-41BA-8B46-8464748580F8}.Debug|Any CPU.Build.0 = Debug|Any CPU
		{58240CBE-3BD5-41BA-8B46-8464748580F8}.Release|Any CPU.ActiveCfg = Release|Any CPU
		{58240CBE-3BD5-41BA-8B46-8464748580F8}.Release|Any CPU.Build.0 = Release|Any CPU
		{7E05EAF8-B822-493D-81E7-50A054BD5CE4}.Debug|Any CPU.ActiveCfg = Debug|Any CPU
		{7E05EAF8-B822-493D-81E7-50A054BD5CE4}.Debug|Any CPU.Build.0 = Debug|Any CPU
		{7E05EAF8-B822-493D-81E7-50A054BD5CE4}.Release|Any CPU.ActiveCfg = Release|Any CPU
		{7E05EAF8-B822-493D-81E7-50A054BD5CE4}.Release|Any CPU.Build.0 = Release|Any CPU
		{62E49F8A-619E-4726-A806-F9D175379DF3}.Debug|Any CPU.ActiveCfg = Debug|Any CPU
		{62E49F8A-619E-4726-A806-F9D175379DF3}.Debug|Any CPU.Build.0 = Debug|Any CPU
		{62E49F8A-619E-4726-A806-F9D175379DF3}.Release|Any CPU.ActiveCfg = Release|Any CPU
		{62E49F8A-619E-4726-A806-F9D175379DF3}.Release|Any CPU.Build.0 = Release|Any CPU
		{9338A456-E885-44DE-8412-6038E5FB0826}.Debug|Any CPU.ActiveCfg = Debug|Any CPU
		{9338A456-E885-44DE-8412-6038E5FB0826}.Debug|Any CPU.Build.0 = Debug|Any CPU
		{9338A456-E885-44DE-8412-6038E5FB0826}.Debug|Any CPU.Deploy.0 = Debug|Any CPU
		{9338A456-E885-44DE-8412-6038E5FB0826}.Release|Any CPU.ActiveCfg = Release|Any CPU
		{9338A456-E885-44DE-8412-6038E5FB0826}.Release|Any CPU.Build.0 = Release|Any CPU
		{9338A456-E885-44DE-8412-6038E5FB0826}.Release|Any CPU.Deploy.0 = Release|Any CPU
		{0AA7D39B-3A15-49FC-9243-D26392403A78}.Debug|Any CPU.ActiveCfg = Debug|Any CPU
		{0AA7D39B-3A15-49FC-9243-D26392403A78}.Debug|Any CPU.Build.0 = Debug|Any CPU
		{0AA7D39B-3A15-49FC-9243-D26392403A78}.Release|Any CPU.ActiveCfg = Release|Any CPU
		{0AA7D39B-3A15-49FC-9243-D26392403A78}.Release|Any CPU.Build.0 = Release|Any CPU
	EndGlobalSection
	GlobalSection(SolutionProperties) = preSolution
		HideSolutionNode = FALSE
	EndGlobalSection
	GlobalSection(NestedProjects) = preSolution
		{7C74E58B-B1D7-4C8F-B0AD-9528E07FC3DB} = {DB127D76-E873-4C06-9DFE-47574251B000}
		{D6E551A3-1106-48EE-9F3E-948D9B3F115A} = {9CBB7688-0616-4CFA-B4FE-593240B4485C}
		{38B14075-AF0F-4588-912F-D000C37346CD} = {DB127D76-E873-4C06-9DFE-47574251B000}
		{58240CBE-3BD5-41BA-8B46-8464748580F8} = {DB127D76-E873-4C06-9DFE-47574251B000}
		{7E05EAF8-B822-493D-81E7-50A054BD5CE4} = {DB127D76-E873-4C06-9DFE-47574251B000}
		{62E49F8A-619E-4726-A806-F9D175379DF3} = {D43B2E03-D11F-4EBD-9B69-9B84ACCD0B70}
		{9338A456-E885-44DE-8412-6038E5FB0826} = {D43B2E03-D11F-4EBD-9B69-9B84ACCD0B70}
		{0AA7D39B-3A15-49FC-9243-D26392403A78} = {D43B2E03-D11F-4EBD-9B69-9B84ACCD0B70}
	EndGlobalSection
EndGlobal
