
Microsoft Visual Studio Solution File, Format Version 12.00
# Visual Studio 2013
VisualStudioVersion = 12.0.40629.0
MinimumVisualStudioVersion = 10.0.40219.1
Project("{FAE04EC0-301F-11D3-BF4B-00C04F79EFBC}") = "GitHubExtension.Security.DAL", "GitHubExtension.Security.DAL\GitHubExtension.Security.DAL.csproj", "{7C74E58B-B1D7-4C8F-B0AD-9528E07FC3DB}"
EndProject
Project("{FAE04EC0-301F-11D3-BF4B-00C04F79EFBC}") = "GitHubExtension.Security.WebApi", "GitHubExtension.Security.WebApi\GitHubExtension.Security.WebApi.csproj", "{B5F77285-E213-4564-BD65-CAA3242F9F5B}"
EndProject
Project("{FAE04EC0-301F-11D3-BF4B-00C04F79EFBC}") = "GitHubExtension.Security.Tests", "GitHubExtension.Security.Tests\GitHubExtension.Security.Tests.csproj", "{D6E551A3-1106-48EE-9F3E-948D9B3F115A}"
EndProject
Project("{FAE04EC0-301F-11D3-BF4B-00C04F79EFBC}") = "GitHubExtension.Security.StorageModels", "GitHubExtension.Models.StorageModels\GitHubExtension.Security.StorageModels.csproj", "{38B14075-AF0F-4588-912F-D000C37346CD}"
EndProject
Project("{FAE04EC0-301F-11D3-BF4B-00C04F79EFBC}") = "GitHubExtension.Models.CommunicationModels", "GitHubExtension.Models.CommunicationModels\GitHubExtension.Models.CommunicationModels.csproj", "{58240CBE-3BD5-41BA-8B46-8464748580F8}"
EndProject
Project("{FAE04EC0-301F-11D3-BF4B-00C04F79EFBC}") = "GitHubExtension.Security.WebApi.Library", "GitHubExtension.Security.WebApi.Library\GitHubExtension.Security.WebApi.Library.csproj", "{7E05EAF8-B822-493D-81E7-50A054BD5CE4}"
EndProject
Project("{2150E333-8FDC-42A3-9474-1A3956D46DE8}") = "Activity", "Activity", "{D43B2E03-D11F-4EBD-9B69-9B84ACCD0B70}"
EndProject
Project("{2150E333-8FDC-42A3-9474-1A3956D46DE8}") = "Security", "Security", "{DB127D76-E873-4C06-9DFE-47574251B000}"
EndProject
Project("{2150E333-8FDC-42A3-9474-1A3956D46DE8}") = "Tests", "Tests", "{9CBB7688-0616-4CFA-B4FE-593240B4485C}"
EndProject
Project("{2150E333-8FDC-42A3-9474-1A3956D46DE8}") = "Internal", "Internal", "{87384E81-1A7A-44F1-8800-0B9755D2F580}"
EndProject
Project("{FAE04EC0-301F-11D3-BF4B-00C04F79EFBC}") = "GitHubExtension.Activity.Internal.DAL", "GitHubExtension.Activity.DAL\GitHubExtension.Activity.Internal.DAL.csproj", "{0EDF4879-A0F3-4D59-902A-630B0966FA25}"
EndProject
Project("{FAE04EC0-301F-11D3-BF4B-00C04F79EFBC}") = "GitHubExtension.Activity.Internal.WebApi", "GitHubExtension.Activity.WebApi\GitHubExtension.Activity.Internal.WebApi.csproj", "{5DE95C58-2A55-4BAC-98F9-3A266DF3D4FB}"
EndProject
Project("{00D1A9C2-B5F0-4AF3-8072-F6C62B433612}") = "GitHubExtension.DB", "GitHubExtension.DB\GitHubExtension.DB.sqlproj", "{A91F7636-EEEC-4E82-8E7F-132F64EC4043}"
EndProject
Global
	GlobalSection(SolutionConfigurationPlatforms) = preSolution
		Debug|Any CPU = Debug|Any CPU
		Release|Any CPU = Release|Any CPU
	EndGlobalSection
	GlobalSection(ProjectConfigurationPlatforms) = postSolution
		{7C74E58B-B1D7-4C8F-B0AD-9528E07FC3DB}.Debug|Any CPU.ActiveCfg = Debug|Any CPU
		{7C74E58B-B1D7-4C8F-B0AD-9528E07FC3DB}.Debug|Any CPU.Build.0 = Debug|Any CPU
		{7C74E58B-B1D7-4C8F-B0AD-9528E07FC3DB}.Release|Any CPU.ActiveCfg = Release|Any CPU
		{7C74E58B-B1D7-4C8F-B0AD-9528E07FC3DB}.Release|Any CPU.Build.0 = Release|Any CPU
		{B5F77285-E213-4564-BD65-CAA3242F9F5B}.Debug|Any CPU.ActiveCfg = Debug|Any CPU
		{B5F77285-E213-4564-BD65-CAA3242F9F5B}.Debug|Any CPU.Build.0 = Debug|Any CPU
		{B5F77285-E213-4564-BD65-CAA3242F9F5B}.Release|Any CPU.ActiveCfg = Release|Any CPU
		{B5F77285-E213-4564-BD65-CAA3242F9F5B}.Release|Any CPU.Build.0 = Release|Any CPU
		{D6E551A3-1106-48EE-9F3E-948D9B3F115A}.Debug|Any CPU.ActiveCfg = Debug|Any CPU
		{D6E551A3-1106-48EE-9F3E-948D9B3F115A}.Debug|Any CPU.Build.0 = Debug|Any CPU
		{D6E551A3-1106-48EE-9F3E-948D9B3F115A}.Release|Any CPU.ActiveCfg = Release|Any CPU
		{D6E551A3-1106-48EE-9F3E-948D9B3F115A}.Release|Any CPU.Build.0 = Release|Any CPU
		{38B14075-AF0F-4588-912F-D000C37346CD}.Debug|Any CPU.ActiveCfg = Debug|Any CPU
		{38B14075-AF0F-4588-912F-D000C37346CD}.Debug|Any CPU.Build.0 = Debug|Any CPU
		{38B14075-AF0F-4588-912F-D000C37346CD}.Release|Any CPU.ActiveCfg = Release|Any CPU
		{38B14075-AF0F-4588-912F-D000C37346CD}.Release|Any CPU.Build.0 = Release|Any CPU
		{58240CBE-3BD5-41BA-8B46-8464748580F8}.Debug|Any CPU.ActiveCfg = Debug|Any CPU
		{58240CBE-3BD5-41BA-8B46-8464748580F8}.Debug|Any CPU.Build.0 = Debug|Any CPU
		{58240CBE-3BD5-41BA-8B46-8464748580F8}.Release|Any CPU.ActiveCfg = Release|Any CPU
		{58240CBE-3BD5-41BA-8B46-8464748580F8}.Release|Any CPU.Build.0 = Release|Any CPU
		{7E05EAF8-B822-493D-81E7-50A054BD5CE4}.Debug|Any CPU.ActiveCfg = Debug|Any CPU
		{7E05EAF8-B822-493D-81E7-50A054BD5CE4}.Debug|Any CPU.Build.0 = Debug|Any CPU
		{7E05EAF8-B822-493D-81E7-50A054BD5CE4}.Release|Any CPU.ActiveCfg = Release|Any CPU
		{7E05EAF8-B822-493D-81E7-50A054BD5CE4}.Release|Any CPU.Build.0 = Release|Any CPU
		{0EDF4879-A0F3-4D59-902A-630B0966FA25}.Debug|Any CPU.ActiveCfg = Debug|Any CPU
		{0EDF4879-A0F3-4D59-902A-630B0966FA25}.Debug|Any CPU.Build.0 = Debug|Any CPU
		{0EDF4879-A0F3-4D59-902A-630B0966FA25}.Release|Any CPU.ActiveCfg = Release|Any CPU
		{0EDF4879-A0F3-4D59-902A-630B0966FA25}.Release|Any CPU.Build.0 = Release|Any CPU
		{5DE95C58-2A55-4BAC-98F9-3A266DF3D4FB}.Debug|Any CPU.ActiveCfg = Debug|Any CPU
		{5DE95C58-2A55-4BAC-98F9-3A266DF3D4FB}.Debug|Any CPU.Build.0 = Debug|Any CPU
		{5DE95C58-2A55-4BAC-98F9-3A266DF3D4FB}.Release|Any CPU.ActiveCfg = Release|Any CPU
		{5DE95C58-2A55-4BAC-98F9-3A266DF3D4FB}.Release|Any CPU.Build.0 = Release|Any CPU
		{A91F7636-EEEC-4E82-8E7F-132F64EC4043}.Debug|Any CPU.ActiveCfg = Debug|Any CPU
		{A91F7636-EEEC-4E82-8E7F-132F64EC4043}.Debug|Any CPU.Build.0 = Debug|Any CPU
		{A91F7636-EEEC-4E82-8E7F-132F64EC4043}.Debug|Any CPU.Deploy.0 = Debug|Any CPU
		{A91F7636-EEEC-4E82-8E7F-132F64EC4043}.Release|Any CPU.ActiveCfg = Release|Any CPU
		{A91F7636-EEEC-4E82-8E7F-132F64EC4043}.Release|Any CPU.Build.0 = Release|Any CPU
		{A91F7636-EEEC-4E82-8E7F-132F64EC4043}.Release|Any CPU.Deploy.0 = Release|Any CPU
	EndGlobalSection
	GlobalSection(SolutionProperties) = preSolution
		HideSolutionNode = FALSE
	EndGlobalSection
	GlobalSection(NestedProjects) = preSolution
		{7C74E58B-B1D7-4C8F-B0AD-9528E07FC3DB} = {DB127D76-E873-4C06-9DFE-47574251B000}
		{D6E551A3-1106-48EE-9F3E-948D9B3F115A} = {9CBB7688-0616-4CFA-B4FE-593240B4485C}
		{38B14075-AF0F-4588-912F-D000C37346CD} = {DB127D76-E873-4C06-9DFE-47574251B000}
		{58240CBE-3BD5-41BA-8B46-8464748580F8} = {DB127D76-E873-4C06-9DFE-47574251B000}
		{7E05EAF8-B822-493D-81E7-50A054BD5CE4} = {DB127D76-E873-4C06-9DFE-47574251B000}
		{87384E81-1A7A-44F1-8800-0B9755D2F580} = {D43B2E03-D11F-4EBD-9B69-9B84ACCD0B70}
		{0EDF4879-A0F3-4D59-902A-630B0966FA25} = {87384E81-1A7A-44F1-8800-0B9755D2F580}
		{5DE95C58-2A55-4BAC-98F9-3A266DF3D4FB} = {87384E81-1A7A-44F1-8800-0B9755D2F580}
	EndGlobalSection
EndGlobal
